// !$*UTF8*$!
{
	archiveVersion = 1;
	classes = {
	};
	objectVersion = 55;
	objects = {

/* Begin PBXBuildFile section */
		C9643101283F4C1B002763AC /* Storage.swift in Sources */ = {isa = PBXBuildFile; fileRef = C9643100283F4C1B002763AC /* Storage.swift */; };
		C9643103283F4DFB002763AC /* Constants.swift in Sources */ = {isa = PBXBuildFile; fileRef = C9643102283F4DFB002763AC /* Constants.swift */; };
		C9ECF232283C8A5500198797 /* AppDelegate.swift in Sources */ = {isa = PBXBuildFile; fileRef = C9ECF231283C8A5500198797 /* AppDelegate.swift */; };
		C9ECF234283C8A5500198797 /* SceneDelegate.swift in Sources */ = {isa = PBXBuildFile; fileRef = C9ECF233283C8A5500198797 /* SceneDelegate.swift */; };
		C9ECF239283C8A5500198797 /* Main.storyboard in Resources */ = {isa = PBXBuildFile; fileRef = C9ECF237283C8A5500198797 /* Main.storyboard */; };
		C9ECF23B283C8A5600198797 /* Assets.xcassets in Resources */ = {isa = PBXBuildFile; fileRef = C9ECF23A283C8A5600198797 /* Assets.xcassets */; };
		C9ECF23E283C8A5600198797 /* LaunchScreen.storyboard in Resources */ = {isa = PBXBuildFile; fileRef = C9ECF23C283C8A5600198797 /* LaunchScreen.storyboard */; };
		C9ECF24C283C8B7200198797 /* NotesViewController.swift in Sources */ = {isa = PBXBuildFile; fileRef = C9ECF24B283C8B7200198797 /* NotesViewController.swift */; };
		C9ECF24E283C8B7A00198797 /* DetailViewController.swift in Sources */ = {isa = PBXBuildFile; fileRef = C9ECF24D283C8B7A00198797 /* DetailViewController.swift */; };
		C9ECF253283C8BFC00198797 /* NoteCell.swift in Sources */ = {isa = PBXBuildFile; fileRef = C9ECF251283C8BFC00198797 /* NoteCell.swift */; };
		C9ECF254283C8BFC00198797 /* NoteCell.xib in Resources */ = {isa = PBXBuildFile; fileRef = C9ECF252283C8BFC00198797 /* NoteCell.xib */; };
		C9ECF257283CD71F00198797 /* NotesViewModel.swift in Sources */ = {isa = PBXBuildFile; fileRef = C9ECF256283CD71F00198797 /* NotesViewModel.swift */; };
		C9ECF259283CD77600198797 /* Note.swift in Sources */ = {isa = PBXBuildFile; fileRef = C9ECF258283CD77600198797 /* Note.swift */; };
		C9ECF25B283CD8A500198797 /* NoteViewModel.swift in Sources */ = {isa = PBXBuildFile; fileRef = C9ECF25A283CD8A500198797 /* NoteViewModel.swift */; };
		C9ECF25E283CE78000198797 /* UIViewController.swift in Sources */ = {isa = PBXBuildFile; fileRef = C9ECF25D283CE78000198797 /* UIViewController.swift */; };
/* End PBXBuildFile section */

/* Begin PBXFileReference section */
		C9643100283F4C1B002763AC /* Storage.swift */ = {isa = PBXFileReference; lastKnownFileType = sourcecode.swift; path = Storage.swift; sourceTree = "<group>"; };
		C9643102283F4DFB002763AC /* Constants.swift */ = {isa = PBXFileReference; lastKnownFileType = sourcecode.swift; path = Constants.swift; sourceTree = "<group>"; };
		C9ECF22E283C8A5500198797 /* milestone-project19-21.app */ = {isa = PBXFileReference; explicitFileType = wrapper.application; includeInIndex = 0; path = "milestone-project19-21.app"; sourceTree = BUILT_PRODUCTS_DIR; };
		C9ECF231283C8A5500198797 /* AppDelegate.swift */ = {isa = PBXFileReference; lastKnownFileType = sourcecode.swift; path = AppDelegate.swift; sourceTree = "<group>"; };
		C9ECF233283C8A5500198797 /* SceneDelegate.swift */ = {isa = PBXFileReference; lastKnownFileType = sourcecode.swift; path = SceneDelegate.swift; sourceTree = "<group>"; };
		C9ECF238283C8A5500198797 /* Base */ = {isa = PBXFileReference; lastKnownFileType = file.storyboard; name = Base; path = Base.lproj/Main.storyboard; sourceTree = "<group>"; };
		C9ECF23A283C8A5600198797 /* Assets.xcassets */ = {isa = PBXFileReference; lastKnownFileType = folder.assetcatalog; path = Assets.xcassets; sourceTree = "<group>"; };
		C9ECF23D283C8A5600198797 /* Base */ = {isa = PBXFileReference; lastKnownFileType = file.storyboard; name = Base; path = Base.lproj/LaunchScreen.storyboard; sourceTree = "<group>"; };
		C9ECF23F283C8A5600198797 /* Info.plist */ = {isa = PBXFileReference; lastKnownFileType = text.plist.xml; name = Info.plist; path = "milestone-project19-21/Supporting Files/Info.plist"; sourceTree = SOURCE_ROOT; };
		C9ECF24B283C8B7200198797 /* NotesViewController.swift */ = {isa = PBXFileReference; lastKnownFileType = sourcecode.swift; path = NotesViewController.swift; sourceTree = "<group>"; };
		C9ECF24D283C8B7A00198797 /* DetailViewController.swift */ = {isa = PBXFileReference; lastKnownFileType = sourcecode.swift; path = DetailViewController.swift; sourceTree = "<group>"; };
		C9ECF251283C8BFC00198797 /* NoteCell.swift */ = {isa = PBXFileReference; lastKnownFileType = sourcecode.swift; path = NoteCell.swift; sourceTree = "<group>"; };
		C9ECF252283C8BFC00198797 /* NoteCell.xib */ = {isa = PBXFileReference; lastKnownFileType = file.xib; path = NoteCell.xib; sourceTree = "<group>"; };
		C9ECF256283CD71F00198797 /* NotesViewModel.swift */ = {isa = PBXFileReference; lastKnownFileType = sourcecode.swift; path = NotesViewModel.swift; sourceTree = "<group>"; };
		C9ECF258283CD77600198797 /* Note.swift */ = {isa = PBXFileReference; lastKnownFileType = sourcecode.swift; path = Note.swift; sourceTree = "<group>"; };
		C9ECF25A283CD8A500198797 /* NoteViewModel.swift */ = {isa = PBXFileReference; lastKnownFileType = sourcecode.swift; path = NoteViewModel.swift; sourceTree = "<group>"; };
		C9ECF25D283CE78000198797 /* UIViewController.swift */ = {isa = PBXFileReference; lastKnownFileType = sourcecode.swift; path = UIViewController.swift; sourceTree = "<group>"; };
/* End PBXFileReference section */

/* Begin PBXFrameworksBuildPhase section */
		C9ECF22B283C8A5500198797 /* Frameworks */ = {
			isa = PBXFrameworksBuildPhase;
			buildActionMask = 2147483647;
			files = (
			);
			runOnlyForDeploymentPostprocessing = 0;
		};
/* End PBXFrameworksBuildPhase section */

/* Begin PBXGroup section */
		C93F8C6B283E23D9001C30E1 /* Utils */ = {
			isa = PBXGroup;
			children = (
				C9643100283F4C1B002763AC /* Storage.swift */,
				C9643102283F4DFB002763AC /* Constants.swift */,
			);
			path = Utils;
			sourceTree = "<group>";
		};
		C9ECF225283C8A5500198797 = {
			isa = PBXGroup;
			children = (
				C9ECF230283C8A5500198797 /* milestone-project19-21 */,
				C9ECF22F283C8A5500198797 /* Products */,
			);
			sourceTree = "<group>";
		};
		C9ECF22F283C8A5500198797 /* Products */ = {
			isa = PBXGroup;
			children = (
				C9ECF22E283C8A5500198797 /* milestone-project19-21.app */,
			);
			name = Products;
			sourceTree = "<group>";
		};
		C9ECF230283C8A5500198797 /* milestone-project19-21 */ = {
			isa = PBXGroup;
			children = (
				C9ECF25C283CE76700198797 /* Extensions */,
				C9ECF245283C8A5E00198797 /* Application Delegates */,
				C93F8C6B283E23D9001C30E1 /* Utils */,
				C9ECF24A283C8A9200198797 /* Models */,
				C9ECF250283C8BE500198797 /* Views */,
				C9ECF255283CD70E00198797 /* View Models */,
				C9ECF246283C8A6400198797 /* View Controllers */,
				C9ECF247283C8A6A00198797 /* Storyboards */,
				C9ECF248283C8A7400198797 /* Resources */,
				C9ECF249283C8A7800198797 /* Supporting Files */,
			);
			path = "milestone-project19-21";
			sourceTree = "<group>";
		};
		C9ECF245283C8A5E00198797 /* Application Delegates */ = {
			isa = PBXGroup;
			children = (
				C9ECF231283C8A5500198797 /* AppDelegate.swift */,
				C9ECF233283C8A5500198797 /* SceneDelegate.swift */,
			);
			path = "Application Delegates";
			sourceTree = "<group>";
		};
		C9ECF246283C8A6400198797 /* View Controllers */ = {
			isa = PBXGroup;
			children = (
				C9ECF24B283C8B7200198797 /* NotesViewController.swift */,
				C9ECF24D283C8B7A00198797 /* DetailViewController.swift */,
			);
			path = "View Controllers";
			sourceTree = "<group>";
		};
		C9ECF247283C8A6A00198797 /* Storyboards */ = {
			isa = PBXGroup;
			children = (
				C9ECF237283C8A5500198797 /* Main.storyboard */,
			);
			path = Storyboards;
			sourceTree = "<group>";
		};
		C9ECF248283C8A7400198797 /* Resources */ = {
			isa = PBXGroup;
			children = (
				C9ECF23A283C8A5600198797 /* Assets.xcassets */,
			);
			path = Resources;
			sourceTree = "<group>";
		};
		C9ECF249283C8A7800198797 /* Supporting Files */ = {
			isa = PBXGroup;
			children = (
				C9ECF23C283C8A5600198797 /* LaunchScreen.storyboard */,
				C9ECF23F283C8A5600198797 /* Info.plist */,
			);
			path = "Supporting Files";
			sourceTree = "<group>";
		};
		C9ECF24A283C8A9200198797 /* Models */ = {
			isa = PBXGroup;
			children = (
				C9ECF258283CD77600198797 /* Note.swift */,
			);
			path = Models;
			sourceTree = "<group>";
		};
		C9ECF250283C8BE500198797 /* Views */ = {
			isa = PBXGroup;
			children = (
				C9ECF251283C8BFC00198797 /* NoteCell.swift */,
				C9ECF252283C8BFC00198797 /* NoteCell.xib */,
			);
			path = Views;
			sourceTree = "<group>";
		};
		C9ECF255283CD70E00198797 /* View Models */ = {
			isa = PBXGroup;
			children = (
				C9ECF256283CD71F00198797 /* NotesViewModel.swift */,
				C9ECF25A283CD8A500198797 /* NoteViewModel.swift */,
			);
			path = "View Models";
			sourceTree = "<group>";
		};
		C9ECF25C283CE76700198797 /* Extensions */ = {
			isa = PBXGroup;
			children = (
				C9ECF25D283CE78000198797 /* UIViewController.swift */,
			);
			path = Extensions;
			sourceTree = "<group>";
		};
/* End PBXGroup section */

/* Begin PBXNativeTarget section */
		C9ECF22D283C8A5500198797 /* milestone-project19-21 */ = {
			isa = PBXNativeTarget;
			buildConfigurationList = C9ECF242283C8A5600198797 /* Build configuration list for PBXNativeTarget "milestone-project19-21" */;
			buildPhases = (
				C9ECF22A283C8A5500198797 /* Sources */,
				C9ECF22B283C8A5500198797 /* Frameworks */,
				C9ECF22C283C8A5500198797 /* Resources */,
			);
			buildRules = (
			);
			dependencies = (
			);
			name = "milestone-project19-21";
			productName = "milestone-project19-21";
			productReference = C9ECF22E283C8A5500198797 /* milestone-project19-21.app */;
			productType = "com.apple.product-type.application";
		};
/* End PBXNativeTarget section */

/* Begin PBXProject section */
		C9ECF226283C8A5500198797 /* Project object */ = {
			isa = PBXProject;
			attributes = {
				BuildIndependentTargetsInParallel = 1;
				LastSwiftUpdateCheck = 1340;
				LastUpgradeCheck = 1340;
				TargetAttributes = {
					C9ECF22D283C8A5500198797 = {
						CreatedOnToolsVersion = 13.4;
					};
				};
			};
			buildConfigurationList = C9ECF229283C8A5500198797 /* Build configuration list for PBXProject "milestone-project19-21" */;
			compatibilityVersion = "Xcode 13.0";
			developmentRegion = en;
			hasScannedForEncodings = 0;
			knownRegions = (
				en,
				Base,
			);
			mainGroup = C9ECF225283C8A5500198797;
			productRefGroup = C9ECF22F283C8A5500198797 /* Products */;
			projectDirPath = "";
			projectRoot = "";
			targets = (
				C9ECF22D283C8A5500198797 /* milestone-project19-21 */,
			);
		};
/* End PBXProject section */

/* Begin PBXResourcesBuildPhase section */
		C9ECF22C283C8A5500198797 /* Resources */ = {
			isa = PBXResourcesBuildPhase;
			buildActionMask = 2147483647;
			files = (
				C9ECF23E283C8A5600198797 /* LaunchScreen.storyboard in Resources */,
				C9ECF23B283C8A5600198797 /* Assets.xcassets in Resources */,
				C9ECF239283C8A5500198797 /* Main.storyboard in Resources */,
				C9ECF254283C8BFC00198797 /* NoteCell.xib in Resources */,
			);
			runOnlyForDeploymentPostprocessing = 0;
		};
/* End PBXResourcesBuildPhase section */

/* Begin PBXSourcesBuildPhase section */
		C9ECF22A283C8A5500198797 /* Sources */ = {
			isa = PBXSourcesBuildPhase;
			buildActionMask = 2147483647;
			files = (
				C9ECF25B283CD8A500198797 /* NoteViewModel.swift in Sources */,
				C9643103283F4DFB002763AC /* Constants.swift in Sources */,
				C9ECF232283C8A5500198797 /* AppDelegate.swift in Sources */,
				C9ECF25E283CE78000198797 /* UIViewController.swift in Sources */,
				C9ECF234283C8A5500198797 /* SceneDelegate.swift in Sources */,
				C9ECF259283CD77600198797 /* Note.swift in Sources */,
				C9ECF257283CD71F00198797 /* NotesViewModel.swift in Sources */,
				C9ECF253283C8BFC00198797 /* NoteCell.swift in Sources */,
				C9ECF24C283C8B7200198797 /* NotesViewController.swift in Sources */,
				C9ECF24E283C8B7A00198797 /* DetailViewController.swift in Sources */,
				C9643101283F4C1B002763AC /* Storage.swift in Sources */,
			);
			runOnlyForDeploymentPostprocessing = 0;
		};
/* End PBXSourcesBuildPhase section */

/* Begin PBXVariantGroup section */
		C9ECF237283C8A5500198797 /* Main.storyboard */ = {
			isa = PBXVariantGroup;
			children = (
				C9ECF238283C8A5500198797 /* Base */,
			);
			name = Main.storyboard;
			sourceTree = "<group>";
		};
		C9ECF23C283C8A5600198797 /* LaunchScreen.storyboard */ = {
			isa = PBXVariantGroup;
			children = (
				C9ECF23D283C8A5600198797 /* Base */,
			);
			name = LaunchScreen.storyboard;
			sourceTree = "<group>";
		};
/* End PBXVariantGroup section */

/* Begin XCBuildConfiguration section */
		C9ECF240283C8A5600198797 /* Debug */ = {
			isa = XCBuildConfiguration;
			buildSettings = {
				ALWAYS_SEARCH_USER_PATHS = NO;
				CLANG_ANALYZER_NONNULL = YES;
				CLANG_ANALYZER_NUMBER_OBJECT_CONVERSION = YES_AGGRESSIVE;
				CLANG_CXX_LANGUAGE_STANDARD = "gnu++17";
				CLANG_ENABLE_MODULES = YES;
				CLANG_ENABLE_OBJC_ARC = YES;
				CLANG_ENABLE_OBJC_WEAK = YES;
				CLANG_WARN_BLOCK_CAPTURE_AUTORELEASING = YES;
				CLANG_WARN_BOOL_CONVERSION = YES;
				CLANG_WARN_COMMA = YES;
				CLANG_WARN_CONSTANT_CONVERSION = YES;
				CLANG_WARN_DEPRECATED_OBJC_IMPLEMENTATIONS = YES;
				CLANG_WARN_DIRECT_OBJC_ISA_USAGE = YES_ERROR;
				CLANG_WARN_DOCUMENTATION_COMMENTS = YES;
				CLANG_WARN_EMPTY_BODY = YES;
				CLANG_WARN_ENUM_CONVERSION = YES;
				CLANG_WARN_INFINITE_RECURSION = YES;
				CLANG_WARN_INT_CONVERSION = YES;
				CLANG_WARN_NON_LITERAL_NULL_CONVERSION = YES;
				CLANG_WARN_OBJC_IMPLICIT_RETAIN_SELF = YES;
				CLANG_WARN_OBJC_LITERAL_CONVERSION = YES;
				CLANG_WARN_OBJC_ROOT_CLASS = YES_ERROR;
				CLANG_WARN_QUOTED_INCLUDE_IN_FRAMEWORK_HEADER = YES;
				CLANG_WARN_RANGE_LOOP_ANALYSIS = YES;
				CLANG_WARN_STRICT_PROTOTYPES = YES;
				CLANG_WARN_SUSPICIOUS_MOVE = YES;
				CLANG_WARN_UNGUARDED_AVAILABILITY = YES_AGGRESSIVE;
				CLANG_WARN_UNREACHABLE_CODE = YES;
				CLANG_WARN__DUPLICATE_METHOD_MATCH = YES;
				COPY_PHASE_STRIP = NO;
				DEBUG_INFORMATION_FORMAT = dwarf;
				ENABLE_STRICT_OBJC_MSGSEND = YES;
				ENABLE_TESTABILITY = YES;
				GCC_C_LANGUAGE_STANDARD = gnu11;
				GCC_DYNAMIC_NO_PIC = NO;
				GCC_NO_COMMON_BLOCKS = YES;
				GCC_OPTIMIZATION_LEVEL = 0;
				GCC_PREPROCESSOR_DEFINITIONS = (
					"DEBUG=1",
					"$(inherited)",
				);
				GCC_WARN_64_TO_32_BIT_CONVERSION = YES;
				GCC_WARN_ABOUT_RETURN_TYPE = YES_ERROR;
				GCC_WARN_UNDECLARED_SELECTOR = YES;
				GCC_WARN_UNINITIALIZED_AUTOS = YES_AGGRESSIVE;
				GCC_WARN_UNUSED_FUNCTION = YES;
				GCC_WARN_UNUSED_VARIABLE = YES;
				IPHONEOS_DEPLOYMENT_TARGET = 15.5;
				MTL_ENABLE_DEBUG_INFO = INCLUDE_SOURCE;
				MTL_FAST_MATH = YES;
				ONLY_ACTIVE_ARCH = YES;
				SDKROOT = iphoneos;
				SWIFT_ACTIVE_COMPILATION_CONDITIONS = DEBUG;
				SWIFT_OPTIMIZATION_LEVEL = "-Onone";
			};
			name = Debug;
		};
		C9ECF241283C8A5600198797 /* Release */ = {
			isa = XCBuildConfiguration;
			buildSettings = {
				ALWAYS_SEARCH_USER_PATHS = NO;
				CLANG_ANALYZER_NONNULL = YES;
				CLANG_ANALYZER_NUMBER_OBJECT_CONVERSION = YES_AGGRESSIVE;
				CLANG_CXX_LANGUAGE_STANDARD = "gnu++17";
				CLANG_ENABLE_MODULES = YES;
				CLANG_ENABLE_OBJC_ARC = YES;
				CLANG_ENABLE_OBJC_WEAK = YES;
				CLANG_WARN_BLOCK_CAPTURE_AUTORELEASING = YES;
				CLANG_WARN_BOOL_CONVERSION = YES;
				CLANG_WARN_COMMA = YES;
				CLANG_WARN_CONSTANT_CONVERSION = YES;
				CLANG_WARN_DEPRECATED_OBJC_IMPLEMENTATIONS = YES;
				CLANG_WARN_DIRECT_OBJC_ISA_USAGE = YES_ERROR;
				CLANG_WARN_DOCUMENTATION_COMMENTS = YES;
				CLANG_WARN_EMPTY_BODY = YES;
				CLANG_WARN_ENUM_CONVERSION = YES;
				CLANG_WARN_INFINITE_RECURSION = YES;
				CLANG_WARN_INT_CONVERSION = YES;
				CLANG_WARN_NON_LITERAL_NULL_CONVERSION = YES;
				CLANG_WARN_OBJC_IMPLICIT_RETAIN_SELF = YES;
				CLANG_WARN_OBJC_LITERAL_CONVERSION = YES;
				CLANG_WARN_OBJC_ROOT_CLASS = YES_ERROR;
				CLANG_WARN_QUOTED_INCLUDE_IN_FRAMEWORK_HEADER = YES;
				CLANG_WARN_RANGE_LOOP_ANALYSIS = YES;
				CLANG_WARN_STRICT_PROTOTYPES = YES;
				CLANG_WARN_SUSPICIOUS_MOVE = YES;
				CLANG_WARN_UNGUARDED_AVAILABILITY = YES_AGGRESSIVE;
				CLANG_WARN_UNREACHABLE_CODE = YES;
				CLANG_WARN__DUPLICATE_METHOD_MATCH = YES;
				COPY_PHASE_STRIP = NO;
				DEBUG_INFORMATION_FORMAT = "dwarf-with-dsym";
				ENABLE_NS_ASSERTIONS = NO;
				ENABLE_STRICT_OBJC_MSGSEND = YES;
				GCC_C_LANGUAGE_STANDARD = gnu11;
				GCC_NO_COMMON_BLOCKS = YES;
				GCC_WARN_64_TO_32_BIT_CONVERSION = YES;
				GCC_WARN_ABOUT_RETURN_TYPE = YES_ERROR;
				GCC_WARN_UNDECLARED_SELECTOR = YES;
				GCC_WARN_UNINITIALIZED_AUTOS = YES_AGGRESSIVE;
				GCC_WARN_UNUSED_FUNCTION = YES;
				GCC_WARN_UNUSED_VARIABLE = YES;
				IPHONEOS_DEPLOYMENT_TARGET = 15.5;
				MTL_ENABLE_DEBUG_INFO = NO;
				MTL_FAST_MATH = YES;
				SDKROOT = iphoneos;
				SWIFT_COMPILATION_MODE = wholemodule;
				SWIFT_OPTIMIZATION_LEVEL = "-O";
				VALIDATE_PRODUCT = YES;
			};
			name = Release;
		};
		C9ECF243283C8A5600198797 /* Debug */ = {
			isa = XCBuildConfiguration;
			buildSettings = {
				ASSETCATALOG_COMPILER_APPICON_NAME = AppIcon;
				ASSETCATALOG_COMPILER_GLOBAL_ACCENT_COLOR_NAME = AccentColor;
				CODE_SIGN_STYLE = Automatic;
				CURRENT_PROJECT_VERSION = 1;
				DEVELOPMENT_TEAM = BJQF9JJWDE;
				GENERATE_INFOPLIST_FILE = YES;
				INFOPLIST_FILE = "milestone-project19-21/Supporting Files/Info.plist";
				INFOPLIST_KEY_UIApplicationSupportsIndirectInputEvents = YES;
				INFOPLIST_KEY_UILaunchStoryboardName = LaunchScreen;
				INFOPLIST_KEY_UIMainStoryboardFile = Main;
				INFOPLIST_KEY_UISupportedInterfaceOrientations_iPad = "UIInterfaceOrientationPortrait UIInterfaceOrientationPortraitUpsideDown UIInterfaceOrientationLandscapeLeft UIInterfaceOrientationLandscapeRight";
				INFOPLIST_KEY_UISupportedInterfaceOrientations_iPhone = "UIInterfaceOrientationPortrait UIInterfaceOrientationLandscapeLeft UIInterfaceOrientationLandscapeRight";
				LD_RUNPATH_SEARCH_PATHS = (
					"$(inherited)",
					"@executable_path/Frameworks",
				);
				MARKETING_VERSION = 1.0;
				PRODUCT_BUNDLE_IDENTIFIER = "com.jlcs.milestone-project19-21";
				PRODUCT_NAME = "$(TARGET_NAME)";
				SWIFT_EMIT_LOC_STRINGS = YES;
				SWIFT_VERSION = 5.0;
				TARGETED_DEVICE_FAMILY = "1,2";
			};
			name = Debug;
		};
		C9ECF244283C8A5600198797 /* Release */ = {
			isa = XCBuildConfiguration;
			buildSettings = {
				ASSETCATALOG_COMPILER_APPICON_NAME = AppIcon;
				ASSETCATALOG_COMPILER_GLOBAL_ACCENT_COLOR_NAME = AccentColor;
				CODE_SIGN_STYLE = Automatic;
				CURRENT_PROJECT_VERSION = 1;
				DEVELOPMENT_TEAM = BJQF9JJWDE;
				GENERATE_INFOPLIST_FILE = YES;
				INFOPLIST_FILE = "milestone-project19-21/Supporting Files/Info.plist";
				INFOPLIST_KEY_UIApplicationSupportsIndirectInputEvents = YES;
				INFOPLIST_KEY_UILaunchStoryboardName = LaunchScreen;
				INFOPLIST_KEY_UIMainStoryboardFile = Main;
				INFOPLIST_KEY_UISupportedInterfaceOrientations_iPad = "UIInterfaceOrientationPortrait UIInterfaceOrientationPortraitUpsideDown UIInterfaceOrientationLandscapeLeft UIInterfaceOrientationLandscapeRight";
				INFOPLIST_KEY_UISupportedInterfaceOrientations_iPhone = "UIInterfaceOrientationPortrait UIInterfaceOrientationLandscapeLeft UIInterfaceOrientationLandscapeRight";
				LD_RUNPATH_SEARCH_PATHS = (
					"$(inherited)",
					"@executable_path/Frameworks",
				);
				MARKETING_VERSION = 1.0;
				PRODUCT_BUNDLE_IDENTIFIER = "com.jlcs.milestone-project19-21";
				PRODUCT_NAME = "$(TARGET_NAME)";
				SWIFT_EMIT_LOC_STRINGS = YES;
				SWIFT_VERSION = 5.0;
				TARGETED_DEVICE_FAMILY = "1,2";
			};
			name = Release;
		};
/* End XCBuildConfiguration section */

/* Begin XCConfigurationList section */
		C9ECF229283C8A5500198797 /* Build configuration list for PBXProject "milestone-project19-21" */ = {
			isa = XCConfigurationList;
			buildConfigurations = (
				C9ECF240283C8A5600198797 /* Debug */,
				C9ECF241283C8A5600198797 /* Release */,
			);
			defaultConfigurationIsVisible = 0;
			defaultConfigurationName = Release;
		};
		C9ECF242283C8A5600198797 /* Build configuration list for PBXNativeTarget "milestone-project19-21" */ = {
			isa = XCConfigurationList;
			buildConfigurations = (
				C9ECF243283C8A5600198797 /* Debug */,
				C9ECF244283C8A5600198797 /* Release */,
			);
			defaultConfigurationIsVisible = 0;
			defaultConfigurationName = Release;
		};
/* End XCConfigurationList section */
	};
	rootObject = C9ECF226283C8A5500198797 /* Project object */;
}
