// !$*UTF8*$!
{
	archiveVersion = 1;
	classes = {
	};
	objectVersion = 55;
	objects = {

/* Begin PBXBuildFile section */
		C92DF5E92815968B000F47F1 /* AppDelegate.swift in Sources */ = {isa = PBXBuildFile; fileRef = C92DF5E82815968B000F47F1 /* AppDelegate.swift */; };
		C92DF5EB2815968B000F47F1 /* SceneDelegate.swift in Sources */ = {isa = PBXBuildFile; fileRef = C92DF5EA2815968B000F47F1 /* SceneDelegate.swift */; };
		C92DF5ED2815968B000F47F1 /* ViewController.swift in Sources */ = {isa = PBXBuildFile; fileRef = C92DF5EC2815968B000F47F1 /* ViewController.swift */; };
		C92DF5F02815968B000F47F1 /* Main.storyboard in Resources */ = {isa = PBXBuildFile; fileRef = C92DF5EE2815968B000F47F1 /* Main.storyboard */; };
		C92DF5F22815968C000F47F1 /* Assets.xcassets in Resources */ = {isa = PBXBuildFile; fileRef = C92DF5F12815968C000F47F1 /* Assets.xcassets */; };
		C92DF5F52815968C000F47F1 /* LaunchScreen.storyboard in Resources */ = {isa = PBXBuildFile; fileRef = C92DF5F32815968C000F47F1 /* LaunchScreen.storyboard */; };
		C92DF5FD2815971F000F47F1 /* hangmanwords.txt in Resources */ = {isa = PBXBuildFile; fileRef = C92DF5FC2815971F000F47F1 /* hangmanwords.txt */; };
		C92DF5FF28159961000F47F1 /* HangmanGame.swift in Sources */ = {isa = PBXBuildFile; fileRef = C92DF5FE28159961000F47F1 /* HangmanGame.swift */; };
/* End PBXBuildFile section */

/* Begin PBXFileReference section */
		C92DF5E52815968B000F47F1 /* SimpleHangmanGame.app */ = {isa = PBXFileReference; explicitFileType = wrapper.application; includeInIndex = 0; path = SimpleHangmanGame.app; sourceTree = BUILT_PRODUCTS_DIR; };
		C92DF5E82815968B000F47F1 /* AppDelegate.swift */ = {isa = PBXFileReference; lastKnownFileType = sourcecode.swift; path = AppDelegate.swift; sourceTree = "<group>"; };
		C92DF5EA2815968B000F47F1 /* SceneDelegate.swift */ = {isa = PBXFileReference; lastKnownFileType = sourcecode.swift; path = SceneDelegate.swift; sourceTree = "<group>"; };
		C92DF5EC2815968B000F47F1 /* ViewController.swift */ = {isa = PBXFileReference; lastKnownFileType = sourcecode.swift; path = ViewController.swift; sourceTree = "<group>"; };
		C92DF5EF2815968B000F47F1 /* Base */ = {isa = PBXFileReference; lastKnownFileType = file.storyboard; name = Base; path = Base.lproj/Main.storyboard; sourceTree = "<group>"; };
		C92DF5F12815968C000F47F1 /* Assets.xcassets */ = {isa = PBXFileReference; lastKnownFileType = folder.assetcatalog; path = Assets.xcassets; sourceTree = "<group>"; };
		C92DF5F42815968C000F47F1 /* Base */ = {isa = PBXFileReference; lastKnownFileType = file.storyboard; name = Base; path = Base.lproj/LaunchScreen.storyboard; sourceTree = "<group>"; };
		C92DF5F62815968C000F47F1 /* Info.plist */ = {isa = PBXFileReference; lastKnownFileType = text.plist.xml; path = Info.plist; sourceTree = "<group>"; };
		C92DF5FC2815971F000F47F1 /* hangmanwords.txt */ = {isa = PBXFileReference; fileEncoding = 4; lastKnownFileType = text; path = hangmanwords.txt; sourceTree = SOURCE_ROOT; };
		C92DF5FE28159961000F47F1 /* HangmanGame.swift */ = {isa = PBXFileReference; lastKnownFileType = sourcecode.swift; path = HangmanGame.swift; sourceTree = "<group>"; };
/* End PBXFileReference section */

/* Begin PBXFrameworksBuildPhase section */
		C92DF5E22815968B000F47F1 /* Frameworks */ = {
			isa = PBXFrameworksBuildPhase;
			buildActionMask = 2147483647;
			files = (
			);
			runOnlyForDeploymentPostprocessing = 0;
		};
/* End PBXFrameworksBuildPhase section */

/* Begin PBXGroup section */
		C92DF5DC2815968B000F47F1 = {
			isa = PBXGroup;
			children = (
				C92DF5E72815968B000F47F1 /* SimpleHangmanGame */,
				C92DF5E62815968B000F47F1 /* Products */,
			);
			sourceTree = "<group>";
		};
		C92DF5E62815968B000F47F1 /* Products */ = {
			isa = PBXGroup;
			children = (
				C92DF5E52815968B000F47F1 /* SimpleHangmanGame.app */,
			);
			name = Products;
			sourceTree = "<group>";
		};
		C92DF5E72815968B000F47F1 /* SimpleHangmanGame */ = {
			isa = PBXGroup;
			children = (
				C92DF5E82815968B000F47F1 /* AppDelegate.swift */,
				C92DF5EA2815968B000F47F1 /* SceneDelegate.swift */,
				C92DF5FE28159961000F47F1 /* HangmanGame.swift */,
				C92DF5EC2815968B000F47F1 /* ViewController.swift */,
				C92DF5EE2815968B000F47F1 /* Main.storyboard */,
				C92DF5F12815968C000F47F1 /* Assets.xcassets */,
				C92DF5F32815968C000F47F1 /* LaunchScreen.storyboard */,
				C92DF5F62815968C000F47F1 /* Info.plist */,
				C92DF5FC2815971F000F47F1 /* hangmanwords.txt */,
			);
			path = SimpleHangmanGame;
			sourceTree = "<group>";
		};
/* End PBXGroup section */

/* Begin PBXNativeTarget section */
		C92DF5E42815968B000F47F1 /* SimpleHangmanGame */ = {
			isa = PBXNativeTarget;
			buildConfigurationList = C92DF5F92815968C000F47F1 /* Build configuration list for PBXNativeTarget "SimpleHangmanGame" */;
			buildPhases = (
				C92DF5E12815968B000F47F1 /* Sources */,
				C92DF5E22815968B000F47F1 /* Frameworks */,
				C92DF5E32815968B000F47F1 /* Resources */,
			);
			buildRules = (
			);
			dependencies = (
			);
			name = SimpleHangmanGame;
			productName = SimpleHangmanGame;
			productReference = C92DF5E52815968B000F47F1 /* SimpleHangmanGame.app */;
			productType = "com.apple.product-type.application";
		};
/* End PBXNativeTarget section */

/* Begin PBXProject section */
		C92DF5DD2815968B000F47F1 /* Project object */ = {
			isa = PBXProject;
			attributes = {
				BuildIndependentTargetsInParallel = 1;
				LastSwiftUpdateCheck = 1330;
				LastUpgradeCheck = 1330;
				TargetAttributes = {
					C92DF5E42815968B000F47F1 = {
						CreatedOnToolsVersion = 13.3.1;
					};
				};
			};
			buildConfigurationList = C92DF5E02815968B000F47F1 /* Build configuration list for PBXProject "SimpleHangmanGame" */;
			compatibilityVersion = "Xcode 13.0";
			developmentRegion = en;
			hasScannedForEncodings = 0;
			knownRegions = (
				en,
				Base,
			);
			mainGroup = C92DF5DC2815968B000F47F1;
			productRefGroup = C92DF5E62815968B000F47F1 /* Products */;
			projectDirPath = "";
			projectRoot = "";
			targets = (
				C92DF5E42815968B000F47F1 /* SimpleHangmanGame */,
			);
		};
/* End PBXProject section */

/* Begin PBXResourcesBuildPhase section */
		C92DF5E32815968B000F47F1 /* Resources */ = {
			isa = PBXResourcesBuildPhase;
			buildActionMask = 2147483647;
			files = (
				C92DF5F52815968C000F47F1 /* LaunchScreen.storyboard in Resources */,
				C92DF5F22815968C000F47F1 /* Assets.xcassets in Resources */,
				C92DF5F02815968B000F47F1 /* Main.storyboard in Resources */,
				C92DF5FD2815971F000F47F1 /* hangmanwords.txt in Resources */,
			);
			runOnlyForDeploymentPostprocessing = 0;
		};
/* End PBXResourcesBuildPhase section */

/* Begin PBXSourcesBuildPhase section */
		C92DF5E12815968B000F47F1 /* Sources */ = {
			isa = PBXSourcesBuildPhase;
			buildActionMask = 2147483647;
			files = (
				C92DF5FF28159961000F47F1 /* HangmanGame.swift in Sources */,
				C92DF5ED2815968B000F47F1 /* ViewController.swift in Sources */,
				C92DF5E92815968B000F47F1 /* AppDelegate.swift in Sources */,
				C92DF5EB2815968B000F47F1 /* SceneDelegate.swift in Sources */,
			);
			runOnlyForDeploymentPostprocessing = 0;
		};
/* End PBXSourcesBuildPhase section */

/* Begin PBXVariantGroup section */
		C92DF5EE2815968B000F47F1 /* Main.storyboard */ = {
			isa = PBXVariantGroup;
			children = (
				C92DF5EF2815968B000F47F1 /* Base */,
			);
			name = Main.storyboard;
			sourceTree = "<group>";
		};
		C92DF5F32815968C000F47F1 /* LaunchScreen.storyboard */ = {
			isa = PBXVariantGroup;
			children = (
				C92DF5F42815968C000F47F1 /* Base */,
			);
			name = LaunchScreen.storyboard;
			sourceTree = "<group>";
		};
/* End PBXVariantGroup section */

/* Begin XCBuildConfiguration section */
		C92DF5F72815968C000F47F1 /* Debug */ = {
			isa = XCBuildConfiguration;
			buildSettings = {
				ALWAYS_SEARCH_USER_PATHS = NO;
				CLANG_ANALYZER_NONNULL = YES;
				CLANG_ANALYZER_NUMBER_OBJECT_CONVERSION = YES_AGGRESSIVE;
				CLANG_CXX_LANGUAGE_STANDARD = "gnu++17";
				CLANG_ENABLE_MODULES = YES;
				CLANG_ENABLE_OBJC_ARC = YES;
				CLANG_ENABLE_OBJC_WEAK = YES;
				CLANG_WARN_BLOCK_CAPTURE_AUTORELEASING = YES;
				CLANG_WARN_BOOL_CONVERSION = YES;
				CLANG_WARN_COMMA = YES;
				CLANG_WARN_CONSTANT_CONVERSION = YES;
				CLANG_WARN_DEPRECATED_OBJC_IMPLEMENTATIONS = YES;
				CLANG_WARN_DIRECT_OBJC_ISA_USAGE = YES_ERROR;
				CLANG_WARN_DOCUMENTATION_COMMENTS = YES;
				CLANG_WARN_EMPTY_BODY = YES;
				CLANG_WARN_ENUM_CONVERSION = YES;
				CLANG_WARN_INFINITE_RECURSION = YES;
				CLANG_WARN_INT_CONVERSION = YES;
				CLANG_WARN_NON_LITERAL_NULL_CONVERSION = YES;
				CLANG_WARN_OBJC_IMPLICIT_RETAIN_SELF = YES;
				CLANG_WARN_OBJC_LITERAL_CONVERSION = YES;
				CLANG_WARN_OBJC_ROOT_CLASS = YES_ERROR;
				CLANG_WARN_QUOTED_INCLUDE_IN_FRAMEWORK_HEADER = YES;
				CLANG_WARN_RANGE_LOOP_ANALYSIS = YES;
				CLANG_WARN_STRICT_PROTOTYPES = YES;
				CLANG_WARN_SUSPICIOUS_MOVE = YES;
				CLANG_WARN_UNGUARDED_AVAILABILITY = YES_AGGRESSIVE;
				CLANG_WARN_UNREACHABLE_CODE = YES;
				CLANG_WARN__DUPLICATE_METHOD_MATCH = YES;
				COPY_PHASE_STRIP = NO;
				DEBUG_INFORMATION_FORMAT = dwarf;
				ENABLE_STRICT_OBJC_MSGSEND = YES;
				ENABLE_TESTABILITY = YES;
				GCC_C_LANGUAGE_STANDARD = gnu11;
				GCC_DYNAMIC_NO_PIC = NO;
				GCC_NO_COMMON_BLOCKS = YES;
				GCC_OPTIMIZATION_LEVEL = 0;
				GCC_PREPROCESSOR_DEFINITIONS = (
					"DEBUG=1",
					"$(inherited)",
				);
				GCC_WARN_64_TO_32_BIT_CONVERSION = YES;
				GCC_WARN_ABOUT_RETURN_TYPE = YES_ERROR;
				GCC_WARN_UNDECLARED_SELECTOR = YES;
				GCC_WARN_UNINITIALIZED_AUTOS = YES_AGGRESSIVE;
				GCC_WARN_UNUSED_FUNCTION = YES;
				GCC_WARN_UNUSED_VARIABLE = YES;
				IPHONEOS_DEPLOYMENT_TARGET = 15.4;
				MTL_ENABLE_DEBUG_INFO = INCLUDE_SOURCE;
				MTL_FAST_MATH = YES;
				ONLY_ACTIVE_ARCH = YES;
				SDKROOT = iphoneos;
				SWIFT_ACTIVE_COMPILATION_CONDITIONS = DEBUG;
				SWIFT_OPTIMIZATION_LEVEL = "-Onone";
			};
			name = Debug;
		};
		C92DF5F82815968C000F47F1 /* Release */ = {
			isa = XCBuildConfiguration;
			buildSettings = {
				ALWAYS_SEARCH_USER_PATHS = NO;
				CLANG_ANALYZER_NONNULL = YES;
				CLANG_ANALYZER_NUMBER_OBJECT_CONVERSION = YES_AGGRESSIVE;
				CLANG_CXX_LANGUAGE_STANDARD = "gnu++17";
				CLANG_ENABLE_MODULES = YES;
				CLANG_ENABLE_OBJC_ARC = YES;
				CLANG_ENABLE_OBJC_WEAK = YES;
				CLANG_WARN_BLOCK_CAPTURE_AUTORELEASING = YES;
				CLANG_WARN_BOOL_CONVERSION = YES;
				CLANG_WARN_COMMA = YES;
				CLANG_WARN_CONSTANT_CONVERSION = YES;
				CLANG_WARN_DEPRECATED_OBJC_IMPLEMENTATIONS = YES;
				CLANG_WARN_DIRECT_OBJC_ISA_USAGE = YES_ERROR;
				CLANG_WARN_DOCUMENTATION_COMMENTS = YES;
				CLANG_WARN_EMPTY_BODY = YES;
				CLANG_WARN_ENUM_CONVERSION = YES;
				CLANG_WARN_INFINITE_RECURSION = YES;
				CLANG_WARN_INT_CONVERSION = YES;
				CLANG_WARN_NON_LITERAL_NULL_CONVERSION = YES;
				CLANG_WARN_OBJC_IMPLICIT_RETAIN_SELF = YES;
				CLANG_WARN_OBJC_LITERAL_CONVERSION = YES;
				CLANG_WARN_OBJC_ROOT_CLASS = YES_ERROR;
				CLANG_WARN_QUOTED_INCLUDE_IN_FRAMEWORK_HEADER = YES;
				CLANG_WARN_RANGE_LOOP_ANALYSIS = YES;
				CLANG_WARN_STRICT_PROTOTYPES = YES;
				CLANG_WARN_SUSPICIOUS_MOVE = YES;
				CLANG_WARN_UNGUARDED_AVAILABILITY = YES_AGGRESSIVE;
				CLANG_WARN_UNREACHABLE_CODE = YES;
				CLANG_WARN__DUPLICATE_METHOD_MATCH = YES;
				COPY_PHASE_STRIP = NO;
				DEBUG_INFORMATION_FORMAT = "dwarf-with-dsym";
				ENABLE_NS_ASSERTIONS = NO;
				ENABLE_STRICT_OBJC_MSGSEND = YES;
				GCC_C_LANGUAGE_STANDARD = gnu11;
				GCC_NO_COMMON_BLOCKS = YES;
				GCC_WARN_64_TO_32_BIT_CONVERSION = YES;
				GCC_WARN_ABOUT_RETURN_TYPE = YES_ERROR;
				GCC_WARN_UNDECLARED_SELECTOR = YES;
				GCC_WARN_UNINITIALIZED_AUTOS = YES_AGGRESSIVE;
				GCC_WARN_UNUSED_FUNCTION = YES;
				GCC_WARN_UNUSED_VARIABLE = YES;
				IPHONEOS_DEPLOYMENT_TARGET = 15.4;
				MTL_ENABLE_DEBUG_INFO = NO;
				MTL_FAST_MATH = YES;
				SDKROOT = iphoneos;
				SWIFT_COMPILATION_MODE = wholemodule;
				SWIFT_OPTIMIZATION_LEVEL = "-O";
				VALIDATE_PRODUCT = YES;
			};
			name = Release;
		};
		C92DF5FA2815968C000F47F1 /* Debug */ = {
			isa = XCBuildConfiguration;
			buildSettings = {
				ASSETCATALOG_COMPILER_APPICON_NAME = AppIcon;
				ASSETCATALOG_COMPILER_GLOBAL_ACCENT_COLOR_NAME = AccentColor;
				CODE_SIGN_STYLE = Automatic;
				CURRENT_PROJECT_VERSION = 1;
				DEVELOPMENT_TEAM = BJQF9JJWDE;
				GENERATE_INFOPLIST_FILE = YES;
				INFOPLIST_FILE = SimpleHangmanGame/Info.plist;
				INFOPLIST_KEY_UIApplicationSupportsIndirectInputEvents = YES;
				INFOPLIST_KEY_UILaunchStoryboardName = LaunchScreen;
				INFOPLIST_KEY_UIMainStoryboardFile = Main;
				INFOPLIST_KEY_UISupportedInterfaceOrientations_iPad = "UIInterfaceOrientationPortrait UIInterfaceOrientationPortraitUpsideDown UIInterfaceOrientationLandscapeLeft UIInterfaceOrientationLandscapeRight";
				INFOPLIST_KEY_UISupportedInterfaceOrientations_iPhone = "UIInterfaceOrientationPortrait UIInterfaceOrientationLandscapeLeft UIInterfaceOrientationLandscapeRight";
				LD_RUNPATH_SEARCH_PATHS = (
					"$(inherited)",
					"@executable_path/Frameworks",
				);
				MARKETING_VERSION = 1.0;
				PRODUCT_BUNDLE_IDENTIFIER = com.jlcs.SimpleHangmanGame;
				PRODUCT_NAME = "$(TARGET_NAME)";
				SWIFT_EMIT_LOC_STRINGS = YES;
				SWIFT_VERSION = 5.0;
				TARGETED_DEVICE_FAMILY = "1,2";
			};
			name = Debug;
		};
		C92DF5FB2815968C000F47F1 /* Release */ = {
			isa = XCBuildConfiguration;
			buildSettings = {
				ASSETCATALOG_COMPILER_APPICON_NAME = AppIcon;
				ASSETCATALOG_COMPILER_GLOBAL_ACCENT_COLOR_NAME = AccentColor;
				CODE_SIGN_STYLE = Automatic;
				CURRENT_PROJECT_VERSION = 1;
				DEVELOPMENT_TEAM = BJQF9JJWDE;
				GENERATE_INFOPLIST_FILE = YES;
				INFOPLIST_FILE = SimpleHangmanGame/Info.plist;
				INFOPLIST_KEY_UIApplicationSupportsIndirectInputEvents = YES;
				INFOPLIST_KEY_UILaunchStoryboardName = LaunchScreen;
				INFOPLIST_KEY_UIMainStoryboardFile = Main;
				INFOPLIST_KEY_UISupportedInterfaceOrientations_iPad = "UIInterfaceOrientationPortrait UIInterfaceOrientationPortraitUpsideDown UIInterfaceOrientationLandscapeLeft UIInterfaceOrientationLandscapeRight";
				INFOPLIST_KEY_UISupportedInterfaceOrientations_iPhone = "UIInterfaceOrientationPortrait UIInterfaceOrientationLandscapeLeft UIInterfaceOrientationLandscapeRight";
				LD_RUNPATH_SEARCH_PATHS = (
					"$(inherited)",
					"@executable_path/Frameworks",
				);
				MARKETING_VERSION = 1.0;
				PRODUCT_BUNDLE_IDENTIFIER = com.jlcs.SimpleHangmanGame;
				PRODUCT_NAME = "$(TARGET_NAME)";
				SWIFT_EMIT_LOC_STRINGS = YES;
				SWIFT_VERSION = 5.0;
				TARGETED_DEVICE_FAMILY = "1,2";
			};
			name = Release;
		};
/* End XCBuildConfiguration section */

/* Begin XCConfigurationList section */
		C92DF5E02815968B000F47F1 /* Build configuration list for PBXProject "SimpleHangmanGame" */ = {
			isa = XCConfigurationList;
			buildConfigurations = (
				C92DF5F72815968C000F47F1 /* Debug */,
				C92DF5F82815968C000F47F1 /* Release */,
			);
			defaultConfigurationIsVisible = 0;
			defaultConfigurationName = Release;
		};
		C92DF5F92815968C000F47F1 /* Build configuration list for PBXNativeTarget "SimpleHangmanGame" */ = {
			isa = XCConfigurationList;
			buildConfigurations = (
				C92DF5FA2815968C000F47F1 /* Debug */,
				C92DF5FB2815968C000F47F1 /* Release */,
			);
			defaultConfigurationIsVisible = 0;
			defaultConfigurationName = Release;
		};
/* End XCConfigurationList section */
	};
	rootObject = C92DF5DD2815968B000F47F1 /* Project object */;
}
