// !$*UTF8*$!
{
	archiveVersion = 1;
	classes = {
	};
	objectVersion = 55;
	objects = {

/* Begin PBXBuildFile section */
		C951C8C7282C06FF00383497 /* AppDelegate.swift in Sources */ = {isa = PBXBuildFile; fileRef = C951C8C6282C06FF00383497 /* AppDelegate.swift */; };
		C951C8C9282C06FF00383497 /* SceneDelegate.swift in Sources */ = {isa = PBXBuildFile; fileRef = C951C8C8282C06FF00383497 /* SceneDelegate.swift */; };
		C951C8CE282C06FF00383497 /* Main.storyboard in Resources */ = {isa = PBXBuildFile; fileRef = C951C8CC282C06FF00383497 /* Main.storyboard */; };
		C951C8D0282C070000383497 /* Assets.xcassets in Resources */ = {isa = PBXBuildFile; fileRef = C951C8CF282C070000383497 /* Assets.xcassets */; };
		C951C8D3282C070000383497 /* LaunchScreen.storyboard in Resources */ = {isa = PBXBuildFile; fileRef = C951C8D1282C070000383497 /* LaunchScreen.storyboard */; };
		C951C8DF282C074700383497 /* CountryViewController.swift in Sources */ = {isa = PBXBuildFile; fileRef = C951C8DE282C074700383497 /* CountryViewController.swift */; };
		C951C8E1282C075100383497 /* DetailViewController.swift in Sources */ = {isa = PBXBuildFile; fileRef = C951C8E0282C075100383497 /* DetailViewController.swift */; };
		C951C8E3282C089400383497 /* country.json in Resources */ = {isa = PBXBuildFile; fileRef = C951C8E2282C089400383497 /* country.json */; };
		C951C8E6282C08AD00383497 /* Country.swift in Sources */ = {isa = PBXBuildFile; fileRef = C951C8E5282C08AD00383497 /* Country.swift */; };
/* End PBXBuildFile section */

/* Begin PBXFileReference section */
		C951C8C3282C06FF00383497 /* milestone-project13-15.app */ = {isa = PBXFileReference; explicitFileType = wrapper.application; includeInIndex = 0; path = "milestone-project13-15.app"; sourceTree = BUILT_PRODUCTS_DIR; };
		C951C8C6282C06FF00383497 /* AppDelegate.swift */ = {isa = PBXFileReference; lastKnownFileType = sourcecode.swift; path = AppDelegate.swift; sourceTree = "<group>"; };
		C951C8C8282C06FF00383497 /* SceneDelegate.swift */ = {isa = PBXFileReference; lastKnownFileType = sourcecode.swift; path = SceneDelegate.swift; sourceTree = "<group>"; };
		C951C8CD282C06FF00383497 /* Base */ = {isa = PBXFileReference; lastKnownFileType = file.storyboard; name = Base; path = Base.lproj/Main.storyboard; sourceTree = "<group>"; };
		C951C8CF282C070000383497 /* Assets.xcassets */ = {isa = PBXFileReference; lastKnownFileType = folder.assetcatalog; path = Assets.xcassets; sourceTree = "<group>"; };
		C951C8D2282C070000383497 /* Base */ = {isa = PBXFileReference; lastKnownFileType = file.storyboard; name = Base; path = Base.lproj/LaunchScreen.storyboard; sourceTree = "<group>"; };
		C951C8D4282C070000383497 /* Info.plist */ = {isa = PBXFileReference; lastKnownFileType = text.plist.xml; name = Info.plist; path = "milestone-project13-15/Supporting Files/Info.plist"; sourceTree = SOURCE_ROOT; };
		C951C8DE282C074700383497 /* CountryViewController.swift */ = {isa = PBXFileReference; lastKnownFileType = sourcecode.swift; path = CountryViewController.swift; sourceTree = "<group>"; };
		C951C8E0282C075100383497 /* DetailViewController.swift */ = {isa = PBXFileReference; lastKnownFileType = sourcecode.swift; path = DetailViewController.swift; sourceTree = "<group>"; };
		C951C8E2282C089400383497 /* country.json */ = {isa = PBXFileReference; fileEncoding = 4; lastKnownFileType = text.json; name = country.json; path = ../../../country.json; sourceTree = "<group>"; };
		C951C8E5282C08AD00383497 /* Country.swift */ = {isa = PBXFileReference; lastKnownFileType = sourcecode.swift; path = Country.swift; sourceTree = "<group>"; };
/* End PBXFileReference section */

/* Begin PBXFrameworksBuildPhase section */
		C951C8C0282C06FF00383497 /* Frameworks */ = {
			isa = PBXFrameworksBuildPhase;
			buildActionMask = 2147483647;
			files = (
			);
			runOnlyForDeploymentPostprocessing = 0;
		};
/* End PBXFrameworksBuildPhase section */

/* Begin PBXGroup section */
		C951C8BA282C06FF00383497 = {
			isa = PBXGroup;
			children = (
				C951C8C5282C06FF00383497 /* milestone-project13-15 */,
				C951C8C4282C06FF00383497 /* Products */,
			);
			sourceTree = "<group>";
		};
		C951C8C4282C06FF00383497 /* Products */ = {
			isa = PBXGroup;
			children = (
				C951C8C3282C06FF00383497 /* milestone-project13-15.app */,
			);
			name = Products;
			sourceTree = "<group>";
		};
		C951C8C5282C06FF00383497 /* milestone-project13-15 */ = {
			isa = PBXGroup;
			children = (
				C951C8DB282C071500383497 /* Application Delegate */,
				C951C8E4282C08A000383497 /* Models */,
				C951C8DA282C070900383497 /* View Controllers */,
				C951C8DD282C073000383497 /* Storyboards */,
				C951C8DC282C072100383497 /* Supporting Files */,
			);
			path = "milestone-project13-15";
			sourceTree = "<group>";
		};
		C951C8DA282C070900383497 /* View Controllers */ = {
			isa = PBXGroup;
			children = (
				C951C8DE282C074700383497 /* CountryViewController.swift */,
				C951C8E0282C075100383497 /* DetailViewController.swift */,
			);
			path = "View Controllers";
			sourceTree = "<group>";
		};
		C951C8DB282C071500383497 /* Application Delegate */ = {
			isa = PBXGroup;
			children = (
				C951C8C6282C06FF00383497 /* AppDelegate.swift */,
				C951C8C8282C06FF00383497 /* SceneDelegate.swift */,
			);
			path = "Application Delegate";
			sourceTree = "<group>";
		};
		C951C8DC282C072100383497 /* Supporting Files */ = {
			isa = PBXGroup;
			children = (
				C951C8E2282C089400383497 /* country.json */,
				C951C8CF282C070000383497 /* Assets.xcassets */,
				C951C8D4282C070000383497 /* Info.plist */,
			);
			path = "Supporting Files";
			sourceTree = "<group>";
		};
		C951C8DD282C073000383497 /* Storyboards */ = {
			isa = PBXGroup;
			children = (
				C951C8CC282C06FF00383497 /* Main.storyboard */,
				C951C8D1282C070000383497 /* LaunchScreen.storyboard */,
			);
			path = Storyboards;
			sourceTree = "<group>";
		};
		C951C8E4282C08A000383497 /* Models */ = {
			isa = PBXGroup;
			children = (
				C951C8E5282C08AD00383497 /* Country.swift */,
			);
			path = Models;
			sourceTree = "<group>";
		};
/* End PBXGroup section */

/* Begin PBXNativeTarget section */
		C951C8C2282C06FF00383497 /* milestone-project13-15 */ = {
			isa = PBXNativeTarget;
			buildConfigurationList = C951C8D7282C070000383497 /* Build configuration list for PBXNativeTarget "milestone-project13-15" */;
			buildPhases = (
				C951C8BF282C06FF00383497 /* Sources */,
				C951C8C0282C06FF00383497 /* Frameworks */,
				C951C8C1282C06FF00383497 /* Resources */,
			);
			buildRules = (
			);
			dependencies = (
			);
			name = "milestone-project13-15";
			productName = "milestone-project13-15";
			productReference = C951C8C3282C06FF00383497 /* milestone-project13-15.app */;
			productType = "com.apple.product-type.application";
		};
/* End PBXNativeTarget section */

/* Begin PBXProject section */
		C951C8BB282C06FF00383497 /* Project object */ = {
			isa = PBXProject;
			attributes = {
				BuildIndependentTargetsInParallel = 1;
				LastSwiftUpdateCheck = 1330;
				LastUpgradeCheck = 1330;
				TargetAttributes = {
					C951C8C2282C06FF00383497 = {
						CreatedOnToolsVersion = 13.3.1;
					};
				};
			};
			buildConfigurationList = C951C8BE282C06FF00383497 /* Build configuration list for PBXProject "milestone-project13-15" */;
			compatibilityVersion = "Xcode 13.0";
			developmentRegion = en;
			hasScannedForEncodings = 0;
			knownRegions = (
				en,
				Base,
			);
			mainGroup = C951C8BA282C06FF00383497;
			productRefGroup = C951C8C4282C06FF00383497 /* Products */;
			projectDirPath = "";
			projectRoot = "";
			targets = (
				C951C8C2282C06FF00383497 /* milestone-project13-15 */,
			);
		};
/* End PBXProject section */

/* Begin PBXResourcesBuildPhase section */
		C951C8C1282C06FF00383497 /* Resources */ = {
			isa = PBXResourcesBuildPhase;
			buildActionMask = 2147483647;
			files = (
				C951C8E3282C089400383497 /* country.json in Resources */,
				C951C8D3282C070000383497 /* LaunchScreen.storyboard in Resources */,
				C951C8D0282C070000383497 /* Assets.xcassets in Resources */,
				C951C8CE282C06FF00383497 /* Main.storyboard in Resources */,
			);
			runOnlyForDeploymentPostprocessing = 0;
		};
/* End PBXResourcesBuildPhase section */

/* Begin PBXSourcesBuildPhase section */
		C951C8BF282C06FF00383497 /* Sources */ = {
			isa = PBXSourcesBuildPhase;
			buildActionMask = 2147483647;
			files = (
				C951C8DF282C074700383497 /* CountryViewController.swift in Sources */,
				C951C8C7282C06FF00383497 /* AppDelegate.swift in Sources */,
				C951C8C9282C06FF00383497 /* SceneDelegate.swift in Sources */,
				C951C8E6282C08AD00383497 /* Country.swift in Sources */,
				C951C8E1282C075100383497 /* DetailViewController.swift in Sources */,
			);
			runOnlyForDeploymentPostprocessing = 0;
		};
/* End PBXSourcesBuildPhase section */

/* Begin PBXVariantGroup section */
		C951C8CC282C06FF00383497 /* Main.storyboard */ = {
			isa = PBXVariantGroup;
			children = (
				C951C8CD282C06FF00383497 /* Base */,
			);
			name = Main.storyboard;
			sourceTree = "<group>";
		};
		C951C8D1282C070000383497 /* LaunchScreen.storyboard */ = {
			isa = PBXVariantGroup;
			children = (
				C951C8D2282C070000383497 /* Base */,
			);
			name = LaunchScreen.storyboard;
			sourceTree = "<group>";
		};
/* End PBXVariantGroup section */

/* Begin XCBuildConfiguration section */
		C951C8D5282C070000383497 /* Debug */ = {
			isa = XCBuildConfiguration;
			buildSettings = {
				ALWAYS_SEARCH_USER_PATHS = NO;
				CLANG_ANALYZER_NONNULL = YES;
				CLANG_ANALYZER_NUMBER_OBJECT_CONVERSION = YES_AGGRESSIVE;
				CLANG_CXX_LANGUAGE_STANDARD = "gnu++17";
				CLANG_ENABLE_MODULES = YES;
				CLANG_ENABLE_OBJC_ARC = YES;
				CLANG_ENABLE_OBJC_WEAK = YES;
				CLANG_WARN_BLOCK_CAPTURE_AUTORELEASING = YES;
				CLANG_WARN_BOOL_CONVERSION = YES;
				CLANG_WARN_COMMA = YES;
				CLANG_WARN_CONSTANT_CONVERSION = YES;
				CLANG_WARN_DEPRECATED_OBJC_IMPLEMENTATIONS = YES;
				CLANG_WARN_DIRECT_OBJC_ISA_USAGE = YES_ERROR;
				CLANG_WARN_DOCUMENTATION_COMMENTS = YES;
				CLANG_WARN_EMPTY_BODY = YES;
				CLANG_WARN_ENUM_CONVERSION = YES;
				CLANG_WARN_INFINITE_RECURSION = YES;
				CLANG_WARN_INT_CONVERSION = YES;
				CLANG_WARN_NON_LITERAL_NULL_CONVERSION = YES;
				CLANG_WARN_OBJC_IMPLICIT_RETAIN_SELF = YES;
				CLANG_WARN_OBJC_LITERAL_CONVERSION = YES;
				CLANG_WARN_OBJC_ROOT_CLASS = YES_ERROR;
				CLANG_WARN_QUOTED_INCLUDE_IN_FRAMEWORK_HEADER = YES;
				CLANG_WARN_RANGE_LOOP_ANALYSIS = YES;
				CLANG_WARN_STRICT_PROTOTYPES = YES;
				CLANG_WARN_SUSPICIOUS_MOVE = YES;
				CLANG_WARN_UNGUARDED_AVAILABILITY = YES_AGGRESSIVE;
				CLANG_WARN_UNREACHABLE_CODE = YES;
				CLANG_WARN__DUPLICATE_METHOD_MATCH = YES;
				COPY_PHASE_STRIP = NO;
				DEBUG_INFORMATION_FORMAT = dwarf;
				ENABLE_STRICT_OBJC_MSGSEND = YES;
				ENABLE_TESTABILITY = YES;
				GCC_C_LANGUAGE_STANDARD = gnu11;
				GCC_DYNAMIC_NO_PIC = NO;
				GCC_NO_COMMON_BLOCKS = YES;
				GCC_OPTIMIZATION_LEVEL = 0;
				GCC_PREPROCESSOR_DEFINITIONS = (
					"DEBUG=1",
					"$(inherited)",
				);
				GCC_WARN_64_TO_32_BIT_CONVERSION = YES;
				GCC_WARN_ABOUT_RETURN_TYPE = YES_ERROR;
				GCC_WARN_UNDECLARED_SELECTOR = YES;
				GCC_WARN_UNINITIALIZED_AUTOS = YES_AGGRESSIVE;
				GCC_WARN_UNUSED_FUNCTION = YES;
				GCC_WARN_UNUSED_VARIABLE = YES;
				IPHONEOS_DEPLOYMENT_TARGET = 15.4;
				MTL_ENABLE_DEBUG_INFO = INCLUDE_SOURCE;
				MTL_FAST_MATH = YES;
				ONLY_ACTIVE_ARCH = YES;
				SDKROOT = iphoneos;
				SWIFT_ACTIVE_COMPILATION_CONDITIONS = DEBUG;
				SWIFT_OPTIMIZATION_LEVEL = "-Onone";
			};
			name = Debug;
		};
		C951C8D6282C070000383497 /* Release */ = {
			isa = XCBuildConfiguration;
			buildSettings = {
				ALWAYS_SEARCH_USER_PATHS = NO;
				CLANG_ANALYZER_NONNULL = YES;
				CLANG_ANALYZER_NUMBER_OBJECT_CONVERSION = YES_AGGRESSIVE;
				CLANG_CXX_LANGUAGE_STANDARD = "gnu++17";
				CLANG_ENABLE_MODULES = YES;
				CLANG_ENABLE_OBJC_ARC = YES;
				CLANG_ENABLE_OBJC_WEAK = YES;
				CLANG_WARN_BLOCK_CAPTURE_AUTORELEASING = YES;
				CLANG_WARN_BOOL_CONVERSION = YES;
				CLANG_WARN_COMMA = YES;
				CLANG_WARN_CONSTANT_CONVERSION = YES;
				CLANG_WARN_DEPRECATED_OBJC_IMPLEMENTATIONS = YES;
				CLANG_WARN_DIRECT_OBJC_ISA_USAGE = YES_ERROR;
				CLANG_WARN_DOCUMENTATION_COMMENTS = YES;
				CLANG_WARN_EMPTY_BODY = YES;
				CLANG_WARN_ENUM_CONVERSION = YES;
				CLANG_WARN_INFINITE_RECURSION = YES;
				CLANG_WARN_INT_CONVERSION = YES;
				CLANG_WARN_NON_LITERAL_NULL_CONVERSION = YES;
				CLANG_WARN_OBJC_IMPLICIT_RETAIN_SELF = YES;
				CLANG_WARN_OBJC_LITERAL_CONVERSION = YES;
				CLANG_WARN_OBJC_ROOT_CLASS = YES_ERROR;
				CLANG_WARN_QUOTED_INCLUDE_IN_FRAMEWORK_HEADER = YES;
				CLANG_WARN_RANGE_LOOP_ANALYSIS = YES;
				CLANG_WARN_STRICT_PROTOTYPES = YES;
				CLANG_WARN_SUSPICIOUS_MOVE = YES;
				CLANG_WARN_UNGUARDED_AVAILABILITY = YES_AGGRESSIVE;
				CLANG_WARN_UNREACHABLE_CODE = YES;
				CLANG_WARN__DUPLICATE_METHOD_MATCH = YES;
				COPY_PHASE_STRIP = NO;
				DEBUG_INFORMATION_FORMAT = "dwarf-with-dsym";
				ENABLE_NS_ASSERTIONS = NO;
				ENABLE_STRICT_OBJC_MSGSEND = YES;
				GCC_C_LANGUAGE_STANDARD = gnu11;
				GCC_NO_COMMON_BLOCKS = YES;
				GCC_WARN_64_TO_32_BIT_CONVERSION = YES;
				GCC_WARN_ABOUT_RETURN_TYPE = YES_ERROR;
				GCC_WARN_UNDECLARED_SELECTOR = YES;
				GCC_WARN_UNINITIALIZED_AUTOS = YES_AGGRESSIVE;
				GCC_WARN_UNUSED_FUNCTION = YES;
				GCC_WARN_UNUSED_VARIABLE = YES;
				IPHONEOS_DEPLOYMENT_TARGET = 15.4;
				MTL_ENABLE_DEBUG_INFO = NO;
				MTL_FAST_MATH = YES;
				SDKROOT = iphoneos;
				SWIFT_COMPILATION_MODE = wholemodule;
				SWIFT_OPTIMIZATION_LEVEL = "-O";
				VALIDATE_PRODUCT = YES;
			};
			name = Release;
		};
		C951C8D8282C070000383497 /* Debug */ = {
			isa = XCBuildConfiguration;
			buildSettings = {
				ASSETCATALOG_COMPILER_APPICON_NAME = AppIcon;
				ASSETCATALOG_COMPILER_GLOBAL_ACCENT_COLOR_NAME = AccentColor;
				CODE_SIGN_STYLE = Automatic;
				CURRENT_PROJECT_VERSION = 1;
				GENERATE_INFOPLIST_FILE = YES;
				INFOPLIST_FILE = "milestone-project13-15/Supporting Files/Info.plist";
				INFOPLIST_KEY_UIApplicationSupportsIndirectInputEvents = YES;
				INFOPLIST_KEY_UILaunchStoryboardName = LaunchScreen;
				INFOPLIST_KEY_UIMainStoryboardFile = Main;
				INFOPLIST_KEY_UISupportedInterfaceOrientations_iPad = "UIInterfaceOrientationPortrait UIInterfaceOrientationPortraitUpsideDown UIInterfaceOrientationLandscapeLeft UIInterfaceOrientationLandscapeRight";
				INFOPLIST_KEY_UISupportedInterfaceOrientations_iPhone = "UIInterfaceOrientationPortrait UIInterfaceOrientationLandscapeLeft UIInterfaceOrientationLandscapeRight";
				LD_RUNPATH_SEARCH_PATHS = (
					"$(inherited)",
					"@executable_path/Frameworks",
				);
				MARKETING_VERSION = 1.0;
				PRODUCT_BUNDLE_IDENTIFIER = "com.jlcs.milestone-project13-15";
				PRODUCT_NAME = "$(TARGET_NAME)";
				SWIFT_EMIT_LOC_STRINGS = YES;
				SWIFT_VERSION = 5.0;
				TARGETED_DEVICE_FAMILY = "1,2";
			};
			name = Debug;
		};
		C951C8D9282C070000383497 /* Release */ = {
			isa = XCBuildConfiguration;
			buildSettings = {
				ASSETCATALOG_COMPILER_APPICON_NAME = AppIcon;
				ASSETCATALOG_COMPILER_GLOBAL_ACCENT_COLOR_NAME = AccentColor;
				CODE_SIGN_STYLE = Automatic;
				CURRENT_PROJECT_VERSION = 1;
				GENERATE_INFOPLIST_FILE = YES;
				INFOPLIST_FILE = "milestone-project13-15/Supporting Files/Info.plist";
				INFOPLIST_KEY_UIApplicationSupportsIndirectInputEvents = YES;
				INFOPLIST_KEY_UILaunchStoryboardName = LaunchScreen;
				INFOPLIST_KEY_UIMainStoryboardFile = Main;
				INFOPLIST_KEY_UISupportedInterfaceOrientations_iPad = "UIInterfaceOrientationPortrait UIInterfaceOrientationPortraitUpsideDown UIInterfaceOrientationLandscapeLeft UIInterfaceOrientationLandscapeRight";
				INFOPLIST_KEY_UISupportedInterfaceOrientations_iPhone = "UIInterfaceOrientationPortrait UIInterfaceOrientationLandscapeLeft UIInterfaceOrientationLandscapeRight";
				LD_RUNPATH_SEARCH_PATHS = (
					"$(inherited)",
					"@executable_path/Frameworks",
				);
				MARKETING_VERSION = 1.0;
				PRODUCT_BUNDLE_IDENTIFIER = "com.jlcs.milestone-project13-15";
				PRODUCT_NAME = "$(TARGET_NAME)";
				SWIFT_EMIT_LOC_STRINGS = YES;
				SWIFT_VERSION = 5.0;
				TARGETED_DEVICE_FAMILY = "1,2";
			};
			name = Release;
		};
/* End XCBuildConfiguration section */

/* Begin XCConfigurationList section */
		C951C8BE282C06FF00383497 /* Build configuration list for PBXProject "milestone-project13-15" */ = {
			isa = XCConfigurationList;
			buildConfigurations = (
				C951C8D5282C070000383497 /* Debug */,
				C951C8D6282C070000383497 /* Release */,
			);
			defaultConfigurationIsVisible = 0;
			defaultConfigurationName = Release;
		};
		C951C8D7282C070000383497 /* Build configuration list for PBXNativeTarget "milestone-project13-15" */ = {
			isa = XCConfigurationList;
			buildConfigurations = (
				C951C8D8282C070000383497 /* Debug */,
				C951C8D9282C070000383497 /* Release */,
			);
			defaultConfigurationIsVisible = 0;
			defaultConfigurationName = Release;
		};
/* End XCConfigurationList section */
	};
	rootObject = C951C8BB282C06FF00383497 /* Project object */;
}
