// !$*UTF8*$!
{
	archiveVersion = 1;
	classes = {
	};
	objectVersion = 55;
	objects = {

/* Begin PBXBuildFile section */
		C9F543562851BD0300F0BE82 /* AppDelegate.swift in Sources */ = {isa = PBXBuildFile; fileRef = C9F543552851BD0300F0BE82 /* AppDelegate.swift */; };
		C9F543582851BD0300F0BE82 /* SceneDelegate.swift in Sources */ = {isa = PBXBuildFile; fileRef = C9F543572851BD0300F0BE82 /* SceneDelegate.swift */; };
		C9F5435A2851BD0300F0BE82 /* ViewController.swift in Sources */ = {isa = PBXBuildFile; fileRef = C9F543592851BD0300F0BE82 /* ViewController.swift */; };
		C9F5435D2851BD0300F0BE82 /* Main.storyboard in Resources */ = {isa = PBXBuildFile; fileRef = C9F5435B2851BD0300F0BE82 /* Main.storyboard */; };
		C9F5435F2851BD0400F0BE82 /* Assets.xcassets in Resources */ = {isa = PBXBuildFile; fileRef = C9F5435E2851BD0400F0BE82 /* Assets.xcassets */; };
		C9F543622851BD0400F0BE82 /* LaunchScreen.storyboard in Resources */ = {isa = PBXBuildFile; fileRef = C9F543602851BD0400F0BE82 /* LaunchScreen.storyboard */; };
		C9F543702851BF8A00F0BE82 /* SwiftKeychainWrapper in Frameworks */ = {isa = PBXBuildFile; productRef = C9F5436F2851BF8A00F0BE82 /* SwiftKeychainWrapper */; };
/* End PBXBuildFile section */

/* Begin PBXFileReference section */
		C9F543522851BD0300F0BE82 /* Project28.app */ = {isa = PBXFileReference; explicitFileType = wrapper.application; includeInIndex = 0; path = Project28.app; sourceTree = BUILT_PRODUCTS_DIR; };
		C9F543552851BD0300F0BE82 /* AppDelegate.swift */ = {isa = PBXFileReference; lastKnownFileType = sourcecode.swift; path = AppDelegate.swift; sourceTree = "<group>"; };
		C9F543572851BD0300F0BE82 /* SceneDelegate.swift */ = {isa = PBXFileReference; lastKnownFileType = sourcecode.swift; path = SceneDelegate.swift; sourceTree = "<group>"; };
		C9F543592851BD0300F0BE82 /* ViewController.swift */ = {isa = PBXFileReference; lastKnownFileType = sourcecode.swift; path = ViewController.swift; sourceTree = "<group>"; };
		C9F5435C2851BD0300F0BE82 /* Base */ = {isa = PBXFileReference; lastKnownFileType = file.storyboard; name = Base; path = Base.lproj/Main.storyboard; sourceTree = "<group>"; };
		C9F5435E2851BD0400F0BE82 /* Assets.xcassets */ = {isa = PBXFileReference; lastKnownFileType = folder.assetcatalog; path = Assets.xcassets; sourceTree = "<group>"; };
		C9F543612851BD0400F0BE82 /* Base */ = {isa = PBXFileReference; lastKnownFileType = file.storyboard; name = Base; path = Base.lproj/LaunchScreen.storyboard; sourceTree = "<group>"; };
		C9F543632851BD0400F0BE82 /* Info.plist */ = {isa = PBXFileReference; lastKnownFileType = text.plist.xml; name = Info.plist; path = "Project28/Supporting Files/Info.plist"; sourceTree = SOURCE_ROOT; };
/* End PBXFileReference section */

/* Begin PBXFrameworksBuildPhase section */
		C9F5434F2851BD0300F0BE82 /* Frameworks */ = {
			isa = PBXFrameworksBuildPhase;
			buildActionMask = 2147483647;
			files = (
				C9F543702851BF8A00F0BE82 /* SwiftKeychainWrapper in Frameworks */,
			);
			runOnlyForDeploymentPostprocessing = 0;
		};
/* End PBXFrameworksBuildPhase section */

/* Begin PBXGroup section */
		C9F543492851BD0300F0BE82 = {
			isa = PBXGroup;
			children = (
				C9F543542851BD0300F0BE82 /* Project28 */,
				C9F543532851BD0300F0BE82 /* Products */,
			);
			sourceTree = "<group>";
		};
		C9F543532851BD0300F0BE82 /* Products */ = {
			isa = PBXGroup;
			children = (
				C9F543522851BD0300F0BE82 /* Project28.app */,
			);
			name = Products;
			sourceTree = "<group>";
		};
		C9F543542851BD0300F0BE82 /* Project28 */ = {
			isa = PBXGroup;
			children = (
				C9F543692851BD2700F0BE82 /* Application Delegates */,
				C9F5436A2851BD2E00F0BE82 /* View Controllers */,
				C9F5436B2851BD3600F0BE82 /* Storyboards */,
				C9F5436C2851BD4300F0BE82 /* Resources */,
				C9F5436D2851BD4900F0BE82 /* Supporting Files */,
			);
			path = Project28;
			sourceTree = "<group>";
		};
		C9F543692851BD2700F0BE82 /* Application Delegates */ = {
			isa = PBXGroup;
			children = (
				C9F543552851BD0300F0BE82 /* AppDelegate.swift */,
				C9F543572851BD0300F0BE82 /* SceneDelegate.swift */,
			);
			path = "Application Delegates";
			sourceTree = "<group>";
		};
		C9F5436A2851BD2E00F0BE82 /* View Controllers */ = {
			isa = PBXGroup;
			children = (
				C9F543592851BD0300F0BE82 /* ViewController.swift */,
			);
			path = "View Controllers";
			sourceTree = "<group>";
		};
		C9F5436B2851BD3600F0BE82 /* Storyboards */ = {
			isa = PBXGroup;
			children = (
				C9F5435B2851BD0300F0BE82 /* Main.storyboard */,
			);
			path = Storyboards;
			sourceTree = "<group>";
		};
		C9F5436C2851BD4300F0BE82 /* Resources */ = {
			isa = PBXGroup;
			children = (
				C9F5435E2851BD0400F0BE82 /* Assets.xcassets */,
			);
			path = Resources;
			sourceTree = "<group>";
		};
		C9F5436D2851BD4900F0BE82 /* Supporting Files */ = {
			isa = PBXGroup;
			children = (
				C9F543602851BD0400F0BE82 /* LaunchScreen.storyboard */,
				C9F543632851BD0400F0BE82 /* Info.plist */,
			);
			path = "Supporting Files";
			sourceTree = "<group>";
		};
/* End PBXGroup section */

/* Begin PBXNativeTarget section */
		C9F543512851BD0300F0BE82 /* Project28 */ = {
			isa = PBXNativeTarget;
			buildConfigurationList = C9F543662851BD0400F0BE82 /* Build configuration list for PBXNativeTarget "Project28" */;
			buildPhases = (
				C9F5434E2851BD0300F0BE82 /* Sources */,
				C9F5434F2851BD0300F0BE82 /* Frameworks */,
				C9F543502851BD0300F0BE82 /* Resources */,
			);
			buildRules = (
			);
			dependencies = (
			);
			name = Project28;
			packageProductDependencies = (
				C9F5436F2851BF8A00F0BE82 /* SwiftKeychainWrapper */,
			);
			productName = Project28;
			productReference = C9F543522851BD0300F0BE82 /* Project28.app */;
			productType = "com.apple.product-type.application";
		};
/* End PBXNativeTarget section */

/* Begin PBXProject section */
		C9F5434A2851BD0300F0BE82 /* Project object */ = {
			isa = PBXProject;
			attributes = {
				BuildIndependentTargetsInParallel = 1;
				LastSwiftUpdateCheck = 1340;
				LastUpgradeCheck = 1340;
				TargetAttributes = {
					C9F543512851BD0300F0BE82 = {
						CreatedOnToolsVersion = 13.4.1;
					};
				};
			};
			buildConfigurationList = C9F5434D2851BD0300F0BE82 /* Build configuration list for PBXProject "Project28" */;
			compatibilityVersion = "Xcode 13.0";
			developmentRegion = en;
			hasScannedForEncodings = 0;
			knownRegions = (
				en,
				Base,
			);
			mainGroup = C9F543492851BD0300F0BE82;
			packageReferences = (
				C9F5436E2851BF8A00F0BE82 /* XCRemoteSwiftPackageReference "SwiftKeychainWrapper" */,
			);
			productRefGroup = C9F543532851BD0300F0BE82 /* Products */;
			projectDirPath = "";
			projectRoot = "";
			targets = (
				C9F543512851BD0300F0BE82 /* Project28 */,
			);
		};
/* End PBXProject section */

/* Begin PBXResourcesBuildPhase section */
		C9F543502851BD0300F0BE82 /* Resources */ = {
			isa = PBXResourcesBuildPhase;
			buildActionMask = 2147483647;
			files = (
				C9F543622851BD0400F0BE82 /* LaunchScreen.storyboard in Resources */,
				C9F5435F2851BD0400F0BE82 /* Assets.xcassets in Resources */,
				C9F5435D2851BD0300F0BE82 /* Main.storyboard in Resources */,
			);
			runOnlyForDeploymentPostprocessing = 0;
		};
/* End PBXResourcesBuildPhase section */

/* Begin PBXSourcesBuildPhase section */
		C9F5434E2851BD0300F0BE82 /* Sources */ = {
			isa = PBXSourcesBuildPhase;
			buildActionMask = 2147483647;
			files = (
				C9F5435A2851BD0300F0BE82 /* ViewController.swift in Sources */,
				C9F543562851BD0300F0BE82 /* AppDelegate.swift in Sources */,
				C9F543582851BD0300F0BE82 /* SceneDelegate.swift in Sources */,
			);
			runOnlyForDeploymentPostprocessing = 0;
		};
/* End PBXSourcesBuildPhase section */

/* Begin PBXVariantGroup section */
		C9F5435B2851BD0300F0BE82 /* Main.storyboard */ = {
			isa = PBXVariantGroup;
			children = (
				C9F5435C2851BD0300F0BE82 /* Base */,
			);
			name = Main.storyboard;
			sourceTree = "<group>";
		};
		C9F543602851BD0400F0BE82 /* LaunchScreen.storyboard */ = {
			isa = PBXVariantGroup;
			children = (
				C9F543612851BD0400F0BE82 /* Base */,
			);
			name = LaunchScreen.storyboard;
			sourceTree = "<group>";
		};
/* End PBXVariantGroup section */

/* Begin XCBuildConfiguration section */
		C9F543642851BD0400F0BE82 /* Debug */ = {
			isa = XCBuildConfiguration;
			buildSettings = {
				ALWAYS_SEARCH_USER_PATHS = NO;
				CLANG_ANALYZER_NONNULL = YES;
				CLANG_ANALYZER_NUMBER_OBJECT_CONVERSION = YES_AGGRESSIVE;
				CLANG_CXX_LANGUAGE_STANDARD = "gnu++17";
				CLANG_ENABLE_MODULES = YES;
				CLANG_ENABLE_OBJC_ARC = YES;
				CLANG_ENABLE_OBJC_WEAK = YES;
				CLANG_WARN_BLOCK_CAPTURE_AUTORELEASING = YES;
				CLANG_WARN_BOOL_CONVERSION = YES;
				CLANG_WARN_COMMA = YES;
				CLANG_WARN_CONSTANT_CONVERSION = YES;
				CLANG_WARN_DEPRECATED_OBJC_IMPLEMENTATIONS = YES;
				CLANG_WARN_DIRECT_OBJC_ISA_USAGE = YES_ERROR;
				CLANG_WARN_DOCUMENTATION_COMMENTS = YES;
				CLANG_WARN_EMPTY_BODY = YES;
				CLANG_WARN_ENUM_CONVERSION = YES;
				CLANG_WARN_INFINITE_RECURSION = YES;
				CLANG_WARN_INT_CONVERSION = YES;
				CLANG_WARN_NON_LITERAL_NULL_CONVERSION = YES;
				CLANG_WARN_OBJC_IMPLICIT_RETAIN_SELF = YES;
				CLANG_WARN_OBJC_LITERAL_CONVERSION = YES;
				CLANG_WARN_OBJC_ROOT_CLASS = YES_ERROR;
				CLANG_WARN_QUOTED_INCLUDE_IN_FRAMEWORK_HEADER = YES;
				CLANG_WARN_RANGE_LOOP_ANALYSIS = YES;
				CLANG_WARN_STRICT_PROTOTYPES = YES;
				CLANG_WARN_SUSPICIOUS_MOVE = YES;
				CLANG_WARN_UNGUARDED_AVAILABILITY = YES_AGGRESSIVE;
				CLANG_WARN_UNREACHABLE_CODE = YES;
				CLANG_WARN__DUPLICATE_METHOD_MATCH = YES;
				COPY_PHASE_STRIP = NO;
				DEBUG_INFORMATION_FORMAT = dwarf;
				ENABLE_STRICT_OBJC_MSGSEND = YES;
				ENABLE_TESTABILITY = YES;
				GCC_C_LANGUAGE_STANDARD = gnu11;
				GCC_DYNAMIC_NO_PIC = NO;
				GCC_NO_COMMON_BLOCKS = YES;
				GCC_OPTIMIZATION_LEVEL = 0;
				GCC_PREPROCESSOR_DEFINITIONS = (
					"DEBUG=1",
					"$(inherited)",
				);
				GCC_WARN_64_TO_32_BIT_CONVERSION = YES;
				GCC_WARN_ABOUT_RETURN_TYPE = YES_ERROR;
				GCC_WARN_UNDECLARED_SELECTOR = YES;
				GCC_WARN_UNINITIALIZED_AUTOS = YES_AGGRESSIVE;
				GCC_WARN_UNUSED_FUNCTION = YES;
				GCC_WARN_UNUSED_VARIABLE = YES;
				IPHONEOS_DEPLOYMENT_TARGET = 15.5;
				MTL_ENABLE_DEBUG_INFO = INCLUDE_SOURCE;
				MTL_FAST_MATH = YES;
				ONLY_ACTIVE_ARCH = YES;
				SDKROOT = iphoneos;
				SWIFT_ACTIVE_COMPILATION_CONDITIONS = DEBUG;
				SWIFT_OPTIMIZATION_LEVEL = "-Onone";
			};
			name = Debug;
		};
		C9F543652851BD0400F0BE82 /* Release */ = {
			isa = XCBuildConfiguration;
			buildSettings = {
				ALWAYS_SEARCH_USER_PATHS = NO;
				CLANG_ANALYZER_NONNULL = YES;
				CLANG_ANALYZER_NUMBER_OBJECT_CONVERSION = YES_AGGRESSIVE;
				CLANG_CXX_LANGUAGE_STANDARD = "gnu++17";
				CLANG_ENABLE_MODULES = YES;
				CLANG_ENABLE_OBJC_ARC = YES;
				CLANG_ENABLE_OBJC_WEAK = YES;
				CLANG_WARN_BLOCK_CAPTURE_AUTORELEASING = YES;
				CLANG_WARN_BOOL_CONVERSION = YES;
				CLANG_WARN_COMMA = YES;
				CLANG_WARN_CONSTANT_CONVERSION = YES;
				CLANG_WARN_DEPRECATED_OBJC_IMPLEMENTATIONS = YES;
				CLANG_WARN_DIRECT_OBJC_ISA_USAGE = YES_ERROR;
				CLANG_WARN_DOCUMENTATION_COMMENTS = YES;
				CLANG_WARN_EMPTY_BODY = YES;
				CLANG_WARN_ENUM_CONVERSION = YES;
				CLANG_WARN_INFINITE_RECURSION = YES;
				CLANG_WARN_INT_CONVERSION = YES;
				CLANG_WARN_NON_LITERAL_NULL_CONVERSION = YES;
				CLANG_WARN_OBJC_IMPLICIT_RETAIN_SELF = YES;
				CLANG_WARN_OBJC_LITERAL_CONVERSION = YES;
				CLANG_WARN_OBJC_ROOT_CLASS = YES_ERROR;
				CLANG_WARN_QUOTED_INCLUDE_IN_FRAMEWORK_HEADER = YES;
				CLANG_WARN_RANGE_LOOP_ANALYSIS = YES;
				CLANG_WARN_STRICT_PROTOTYPES = YES;
				CLANG_WARN_SUSPICIOUS_MOVE = YES;
				CLANG_WARN_UNGUARDED_AVAILABILITY = YES_AGGRESSIVE;
				CLANG_WARN_UNREACHABLE_CODE = YES;
				CLANG_WARN__DUPLICATE_METHOD_MATCH = YES;
				COPY_PHASE_STRIP = NO;
				DEBUG_INFORMATION_FORMAT = "dwarf-with-dsym";
				ENABLE_NS_ASSERTIONS = NO;
				ENABLE_STRICT_OBJC_MSGSEND = YES;
				GCC_C_LANGUAGE_STANDARD = gnu11;
				GCC_NO_COMMON_BLOCKS = YES;
				GCC_WARN_64_TO_32_BIT_CONVERSION = YES;
				GCC_WARN_ABOUT_RETURN_TYPE = YES_ERROR;
				GCC_WARN_UNDECLARED_SELECTOR = YES;
				GCC_WARN_UNINITIALIZED_AUTOS = YES_AGGRESSIVE;
				GCC_WARN_UNUSED_FUNCTION = YES;
				GCC_WARN_UNUSED_VARIABLE = YES;
				IPHONEOS_DEPLOYMENT_TARGET = 15.5;
				MTL_ENABLE_DEBUG_INFO = NO;
				MTL_FAST_MATH = YES;
				SDKROOT = iphoneos;
				SWIFT_COMPILATION_MODE = wholemodule;
				SWIFT_OPTIMIZATION_LEVEL = "-O";
				VALIDATE_PRODUCT = YES;
			};
			name = Release;
		};
		C9F543672851BD0400F0BE82 /* Debug */ = {
			isa = XCBuildConfiguration;
			buildSettings = {
				ASSETCATALOG_COMPILER_APPICON_NAME = AppIcon;
				ASSETCATALOG_COMPILER_GLOBAL_ACCENT_COLOR_NAME = AccentColor;
				CODE_SIGN_STYLE = Automatic;
				CURRENT_PROJECT_VERSION = 1;
				DEVELOPMENT_TEAM = BJQF9JJWDE;
				GENERATE_INFOPLIST_FILE = YES;
				INFOPLIST_FILE = "Project28/Supporting Files/Info.plist";
				INFOPLIST_KEY_UIApplicationSupportsIndirectInputEvents = YES;
				INFOPLIST_KEY_UILaunchStoryboardName = LaunchScreen;
				INFOPLIST_KEY_UIMainStoryboardFile = Main;
				INFOPLIST_KEY_UISupportedInterfaceOrientations_iPad = "UIInterfaceOrientationPortrait UIInterfaceOrientationPortraitUpsideDown UIInterfaceOrientationLandscapeLeft UIInterfaceOrientationLandscapeRight";
				INFOPLIST_KEY_UISupportedInterfaceOrientations_iPhone = "UIInterfaceOrientationPortrait UIInterfaceOrientationLandscapeLeft UIInterfaceOrientationLandscapeRight";
				LD_RUNPATH_SEARCH_PATHS = (
					"$(inherited)",
					"@executable_path/Frameworks",
				);
				MARKETING_VERSION = 1.0;
				PRODUCT_BUNDLE_IDENTIFIER = com.jlcs.Project28;
				PRODUCT_NAME = "$(TARGET_NAME)";
				SWIFT_EMIT_LOC_STRINGS = YES;
				SWIFT_VERSION = 5.0;
				TARGETED_DEVICE_FAMILY = "1,2";
			};
			name = Debug;
		};
		C9F543682851BD0400F0BE82 /* Release */ = {
			isa = XCBuildConfiguration;
			buildSettings = {
				ASSETCATALOG_COMPILER_APPICON_NAME = AppIcon;
				ASSETCATALOG_COMPILER_GLOBAL_ACCENT_COLOR_NAME = AccentColor;
				CODE_SIGN_STYLE = Automatic;
				CURRENT_PROJECT_VERSION = 1;
				DEVELOPMENT_TEAM = BJQF9JJWDE;
				GENERATE_INFOPLIST_FILE = YES;
				INFOPLIST_FILE = "Project28/Supporting Files/Info.plist";
				INFOPLIST_KEY_UIApplicationSupportsIndirectInputEvents = YES;
				INFOPLIST_KEY_UILaunchStoryboardName = LaunchScreen;
				INFOPLIST_KEY_UIMainStoryboardFile = Main;
				INFOPLIST_KEY_UISupportedInterfaceOrientations_iPad = "UIInterfaceOrientationPortrait UIInterfaceOrientationPortraitUpsideDown UIInterfaceOrientationLandscapeLeft UIInterfaceOrientationLandscapeRight";
				INFOPLIST_KEY_UISupportedInterfaceOrientations_iPhone = "UIInterfaceOrientationPortrait UIInterfaceOrientationLandscapeLeft UIInterfaceOrientationLandscapeRight";
				LD_RUNPATH_SEARCH_PATHS = (
					"$(inherited)",
					"@executable_path/Frameworks",
				);
				MARKETING_VERSION = 1.0;
				PRODUCT_BUNDLE_IDENTIFIER = com.jlcs.Project28;
				PRODUCT_NAME = "$(TARGET_NAME)";
				SWIFT_EMIT_LOC_STRINGS = YES;
				SWIFT_VERSION = 5.0;
				TARGETED_DEVICE_FAMILY = "1,2";
			};
			name = Release;
		};
/* End XCBuildConfiguration section */

/* Begin XCConfigurationList section */
		C9F5434D2851BD0300F0BE82 /* Build configuration list for PBXProject "Project28" */ = {
			isa = XCConfigurationList;
			buildConfigurations = (
				C9F543642851BD0400F0BE82 /* Debug */,
				C9F543652851BD0400F0BE82 /* Release */,
			);
			defaultConfigurationIsVisible = 0;
			defaultConfigurationName = Release;
		};
		C9F543662851BD0400F0BE82 /* Build configuration list for PBXNativeTarget "Project28" */ = {
			isa = XCConfigurationList;
			buildConfigurations = (
				C9F543672851BD0400F0BE82 /* Debug */,
				C9F543682851BD0400F0BE82 /* Release */,
			);
			defaultConfigurationIsVisible = 0;
			defaultConfigurationName = Release;
		};
/* End XCConfigurationList section */

/* Begin XCRemoteSwiftPackageReference section */
		C9F5436E2851BF8A00F0BE82 /* XCRemoteSwiftPackageReference "SwiftKeychainWrapper" */ = {
			isa = XCRemoteSwiftPackageReference;
			repositoryURL = "https://github.com/jrendel/SwiftKeychainWrapper";
			requirement = {
				kind = upToNextMajorVersion;
				minimumVersion = 4.0.0;
			};
		};
/* End XCRemoteSwiftPackageReference section */

/* Begin XCSwiftPackageProductDependency section */
		C9F5436F2851BF8A00F0BE82 /* SwiftKeychainWrapper */ = {
			isa = XCSwiftPackageProductDependency;
			package = C9F5436E2851BF8A00F0BE82 /* XCRemoteSwiftPackageReference "SwiftKeychainWrapper" */;
			productName = SwiftKeychainWrapper;
		};
/* End XCSwiftPackageProductDependency section */
	};
	rootObject = C9F5434A2851BD0300F0BE82 /* Project object */;
}
